
Microsoft Visual Studio Solution File, Format Version 12.00
# Visual Studio Version 17
VisualStudioVersion = 17.0.32014.148
MinimumVisualStudioVersion = 10.0.40219.1
Project("{FAE04EC0-301F-11D3-BF4B-00C04F79EFBC}") = "App6", "App6\App6.csproj", "{528CA04A-970C-44DB-AA01-9CD031E84975}"
EndProject
Global
	GlobalSection(SolutionConfigurationPlatforms) = preSolution
		Debug|Any CPU = Debug|Any CPU
		Release|Any CPU = Release|Any CPU
	EndGlobalSection
	GlobalSection(ProjectConfigurationPlatforms) = postSolution
		{528CA04A-970C-44DB-AA01-9CD031E84975}.Debug|Any CPU.ActiveCfg = Debug|Any CPU
		{528CA04A-970C-44DB-AA01-9CD031E84975}.Debug|Any CPU.Build.0 = Debug|Any CPU
		{528CA04A-970C-44DB-AA01-9CD031E84975}.Release|Any CPU.ActiveCfg = Release|Any CPU
		{528CA04A-970C-44DB-AA01-9CD031E84975}.Release|Any CPU.Build.0 = Release|Any CPU
	EndGlobalSection
	GlobalSection(SolutionProperties) = preSolution
		HideSolutionNode = FALSE
	EndGlobalSection
	GlobalSection(ExtensibilityGlobals) = postSolution
		SolutionGuid = {E8042008-B303-46B4-B3E2-FF43721F716F}
	EndGlobalSection
EndGlobal
